
Microsoft Visual Studio Solution File, Format Version 12.00
# Visual Studio Version 17
VisualStudioVersion = 17.1.32210.238
MinimumVisualStudioVersion = 10.0.40219.1
Project("{FAE04EC0-301F-11D3-BF4B-00C04F79EFBC}") = "Pair_Scalp_2.0", "Pair_Scalp_2.0\Pair_Scalp_2.0.csproj", "{31DEA50D-2365-4CD2-B9A5-0CF4BB94C122}"
EndProject
Global
	GlobalSection(SolutionConfigurationPlatforms) = preSolution
		Debug|Any CPU = Debug|Any CPU
		Release|Any CPU = Release|Any CPU
	EndGlobalSection
	GlobalSection(ProjectConfigurationPlatforms) = postSolution
		{31DEA50D-2365-4CD2-B9A5-0CF4BB94C122}.Debug|Any CPU.ActiveCfg = Debug|Any CPU
		{31DEA50D-2365-4CD2-B9A5-0CF4BB94C122}.Debug|Any CPU.Build.0 = Debug|Any CPU
		{31DEA50D-2365-4CD2-B9A5-0CF4BB94C122}.Release|Any CPU.ActiveCfg = Release|Any CPU
		{31DEA50D-2365-4CD2-B9A5-0CF4BB94C122}.Release|Any CPU.Build.0 = Release|Any CPU
	EndGlobalSection
	GlobalSection(SolutionProperties) = preSolution
		HideSolutionNode = FALSE
	EndGlobalSection
	GlobalSection(ExtensibilityGlobals) = postSolution
		SolutionGuid = {2422521E-D23F-4D48-A3AA-D042B34916EE}
	EndGlobalSection
EndGlobal
